{
  "name": "Django",
  "lockfileVersion": 3,
  "requires": true,
  "packages": {
    "": {
      "dependencies": {
        "bootstrap-icons-vue": "^1.11.3"
      }
    },
    "node_modules/bootstrap-icons-vue": {
      "version": "1.11.3",
      "resolved": "https://registry.npmjs.org/bootstrap-icons-vue/-/bootstrap-icons-vue-1.11.3.tgz",
      "integrity": "sha512-Xba1GTDYon8KYSDTKiiAtiyfk4clhdKQYvCQPMkE58+F5loVwEmh0Wi+ECCfowNc9SGwpoSLpSkvg7rhgZBttw=="
    }
  }
}
